
Microsoft Visual Studio Solution File, Format Version 12.00
# Visual Studio Version 17
VisualStudioVersion = 17.5.33414.496
MinimumVisualStudioVersion = 10.0.40219.1
Project("{FAE04EC0-301F-11D3-BF4B-00C04F79EFBC}") = "transiple", "transiple\transiple.csproj", "{C63E3E36-DF34-4B91-803F-86BE1389BEA9}"
EndProject
Global
	GlobalSection(SolutionConfigurationPlatforms) = preSolution
		Debug|Any CPU = Debug|Any CPU
		Release|Any CPU = Release|Any CPU
	EndGlobalSection
	GlobalSection(ProjectConfigurationPlatforms) = postSolution
		{C63E3E36-DF34-4B91-803F-86BE1389BEA9}.Debug|Any CPU.ActiveCfg = Debug|Any CPU
		{C63E3E36-DF34-4B91-803F-86BE1389BEA9}.Debug|Any CPU.Build.0 = Debug|Any CPU
		{C63E3E36-DF34-4B91-803F-86BE1389BEA9}.Release|Any CPU.ActiveCfg = Release|Any CPU
		{C63E3E36-DF34-4B91-803F-86BE1389BEA9}.Release|Any CPU.Build.0 = Release|Any CPU
	EndGlobalSection
	GlobalSection(SolutionProperties) = preSolution
		HideSolutionNode = FALSE
	EndGlobalSection
	GlobalSection(ExtensibilityGlobals) = postSolution
		SolutionGuid = {19554586-832D-4EE9-AC85-F73230AD5F64}
	EndGlobalSection
EndGlobal
